# This file is autogenerated, do not edit; changes may be undone by the next 'dep ensure'.


[[projects]]
  branch = "master"
  digest = "1:ba9aae1373f4354ec77d8fee7de3de36a713548b963b9c50b0c3060c6e7ab1d7"
  name = "github.com/joseluisq/go-tspath"
  packages = [
    "cmd",
    "pkg/replacer",
    "pkg/tsconfig",
  ]
  pruneopts = "UT"
  revision = "27ea2c66b620467df8d574bb9c2fbb999ecbc213"

[[projects]]
  digest = "1:42affa2810a964a1486901d272934c9c31b69052e0f58c1a8fc94237adb7c094"
  name = "github.com/joseluisq/redel"
  packages = ["."]
  pruneopts = "UT"
  revision = "c24608f44b995e7f480449a8466105b61bf31fc3"
  version = "v2.1.0"

[[projects]]
  digest = "1:36aebe90a13cf9128280ac834399b8bebf83685283c78df279d61c46bb2a8d83"
  name = "github.com/mattn/go-zglob"
  packages = [
    ".",
    "fastwalk",
  ]
  pruneopts = "UT"
  revision = "2ea3427bfa539cca900ca2768d8663ecc8a708c1"
  version = "v0.0.1"

[solve-meta]
  analyzer-name = "dep"
  analyzer-version = 1
  input-imports = [
    "github.com/joseluisq/go-tspath/cmd",
    "github.com/joseluisq/go-tspath/pkg/replacer",
    "github.com/joseluisq/go-tspath/pkg/tsconfig",
    "github.com/joseluisq/redel",
    "github.com/mattn/go-zglob",
  ]
  solver-name = "gps-cdcl"
  solver-version = 1
