# This file is autogenerated, do not edit; changes may be undone by the next 'dep ensure'.


[[projects]]
  digest = "1:3c2f3f75e0134c8be98159279afc6a680d40a7a344d68df605002c218ab7f185"
  name = "github.com/joseluisq/redel"
  packages = ["."]
  pruneopts = "UT"
  revision = "c4faf791d4ccded95c4416856637925c48ec7de8"
  version = "v2.0.0-rc.1"

[solve-meta]
  analyzer-name = "dep"
  analyzer-version = 1
  input-imports = ["github.com/joseluisq/redel"]
  solver-name = "gps-cdcl"
  solver-version = 1
